
Microsoft Visual Studio Solution File, Format Version 12.00
# Visual Studio 14
VisualStudioVersion = 14.0.25420.1
MinimumVisualStudioVersion = 10.0.40219.1
Project("{FAE04EC0-301F-11D3-BF4B-00C04F79EFBC}") = "LoginRadiusAssignment", "LoginRadiusAssignment\LoginRadiusAssignment.csproj", "{A80543C0-0837-4E15-80D3-6396CD7CE15C}"
EndProject
Project("{FAE04EC0-301F-11D3-BF4B-00C04F79EFBC}") = "BusinessIntelligence", "BusinessIntelligence\BusinessIntelligence.csproj", "{BEA4C852-F98B-4F21-92AD-4F2A7F88070B}"
EndProject
Project("{FAE04EC0-301F-11D3-BF4B-00C04F79EFBC}") = "UnitTest", "UnitTest\UnitTest.csproj", "{638CE832-4868-49ED-94A9-FA4A45E4A151}"
EndProject
Global
	GlobalSection(SolutionConfigurationPlatforms) = preSolution
		Debug|Any CPU = Debug|Any CPU
		Release|Any CPU = Release|Any CPU
	EndGlobalSection
	GlobalSection(ProjectConfigurationPlatforms) = postSolution
		{A80543C0-0837-4E15-80D3-6396CD7CE15C}.Debug|Any CPU.ActiveCfg = Debug|Any CPU
		{A80543C0-0837-4E15-80D3-6396CD7CE15C}.Debug|Any CPU.Build.0 = Debug|Any CPU
		{A80543C0-0837-4E15-80D3-6396CD7CE15C}.Release|Any CPU.ActiveCfg = Release|Any CPU
		{A80543C0-0837-4E15-80D3-6396CD7CE15C}.Release|Any CPU.Build.0 = Release|Any CPU
		{BEA4C852-F98B-4F21-92AD-4F2A7F88070B}.Debug|Any CPU.ActiveCfg = Debug|Any CPU
		{BEA4C852-F98B-4F21-92AD-4F2A7F88070B}.Debug|Any CPU.Build.0 = Debug|Any CPU
		{BEA4C852-F98B-4F21-92AD-4F2A7F88070B}.Release|Any CPU.ActiveCfg = Release|Any CPU
		{BEA4C852-F98B-4F21-92AD-4F2A7F88070B}.Release|Any CPU.Build.0 = Release|Any CPU
		{638CE832-4868-49ED-94A9-FA4A45E4A151}.Debug|Any CPU.ActiveCfg = Debug|Any CPU
		{638CE832-4868-49ED-94A9-FA4A45E4A151}.Debug|Any CPU.Build.0 = Debug|Any CPU
		{638CE832-4868-49ED-94A9-FA4A45E4A151}.Release|Any CPU.ActiveCfg = Release|Any CPU
		{638CE832-4868-49ED-94A9-FA4A45E4A151}.Release|Any CPU.Build.0 = Release|Any CPU
	EndGlobalSection
	GlobalSection(SolutionProperties) = preSolution
		HideSolutionNode = FALSE
	EndGlobalSection
EndGlobal
